// !$*UTF8*$!
{
	archiveVersion = 1;
	classes = {
	};
	objectVersion = 46;
	objects = {

/* Begin PBXBuildFile section */
		85100E651EFAD7D60057F182 /* Cup.xib in Resources */ = {isa = PBXBuildFile; fileRef = 85100E641EFAD7D60057F182 /* Cup.xib */; };
		85100E671EFAD7DC0057F182 /* Cup.swift in Sources */ = {isa = PBXBuildFile; fileRef = 85100E661EFAD7DC0057F182 /* Cup.swift */; };
		857D2C751EFB03B30010DCCF /* Main.storyboard in Resources */ = {isa = PBXBuildFile; fileRef = 857D2C731EFB03B30010DCCF /* Main.storyboard */; };
		857D2C771EFB09EB0010DCCF /* ReRacks.swift in Sources */ = {isa = PBXBuildFile; fileRef = 857D2C761EFB09EB0010DCCF /* ReRacks.swift */; };
		857D2C7C1EFBEFD90010DCCF /* Utils.swift in Sources */ = {isa = PBXBuildFile; fileRef = 857D2C7B1EFBEFD90010DCCF /* Utils.swift */; };
		85E6D9B11EFAD627009F2D80 /* AppDelegate.swift in Sources */ = {isa = PBXBuildFile; fileRef = 85E6D9B01EFAD627009F2D80 /* AppDelegate.swift */; };
		85E6D9B31EFAD627009F2D80 /* ViewController.swift in Sources */ = {isa = PBXBuildFile; fileRef = 85E6D9B21EFAD627009F2D80 /* ViewController.swift */; };
		85E6D9B81EFAD627009F2D80 /* Assets.xcassets in Resources */ = {isa = PBXBuildFile; fileRef = 85E6D9B71EFAD627009F2D80 /* Assets.xcassets */; };
		85E6D9BB1EFAD627009F2D80 /* LaunchScreen.storyboard in Resources */ = {isa = PBXBuildFile; fileRef = 85E6D9B91EFAD627009F2D80 /* LaunchScreen.storyboard */; };
		85E6D9C61EFAD628009F2D80 /* PongStatTests.swift in Sources */ = {isa = PBXBuildFile; fileRef = 85E6D9C51EFAD628009F2D80 /* PongStatTests.swift */; };
		85E6D9D11EFAD628009F2D80 /* PongStatUITests.swift in Sources */ = {isa = PBXBuildFile; fileRef = 85E6D9D01EFAD628009F2D80 /* PongStatUITests.swift */; };
		85E6D9E31EFAD763009F2D80 /* PongGameVC.swift in Sources */ = {isa = PBXBuildFile; fileRef = 85E6D9E21EFAD763009F2D80 /* PongGameVC.swift */; };
		85E6D9E51EFAD76D009F2D80 /* PongGame.swift in Sources */ = {isa = PBXBuildFile; fileRef = 85E6D9E41EFAD76D009F2D80 /* PongGame.swift */; };
/* End PBXBuildFile section */

/* Begin PBXContainerItemProxy section */
		85E6D9C21EFAD628009F2D80 /* PBXContainerItemProxy */ = {
			isa = PBXContainerItemProxy;
			containerPortal = 85E6D9A51EFAD627009F2D80 /* Project object */;
			proxyType = 1;
			remoteGlobalIDString = 85E6D9AC1EFAD627009F2D80;
			remoteInfo = PongStat;
		};
		85E6D9CD1EFAD628009F2D80 /* PBXContainerItemProxy */ = {
			isa = PBXContainerItemProxy;
			containerPortal = 85E6D9A51EFAD627009F2D80 /* Project object */;
			proxyType = 1;
			remoteGlobalIDString = 85E6D9AC1EFAD627009F2D80;
			remoteInfo = PongStat;
		};
/* End PBXContainerItemProxy section */

/* Begin PBXFileReference section */
		85100E641EFAD7D60057F182 /* Cup.xib */ = {isa = PBXFileReference; fileEncoding = 4; lastKnownFileType = file.xib; path = Cup.xib; sourceTree = "<group>"; };
		85100E661EFAD7DC0057F182 /* Cup.swift */ = {isa = PBXFileReference; fileEncoding = 4; lastKnownFileType = sourcecode.swift; path = Cup.swift; sourceTree = "<group>"; };
		857D2C741EFB03B30010DCCF /* Base */ = {isa = PBXFileReference; lastKnownFileType = file.storyboard; name = Base; path = Base.lproj/Main.storyboard; sourceTree = "<group>"; };
		857D2C761EFB09EB0010DCCF /* ReRacks.swift */ = {isa = PBXFileReference; fileEncoding = 4; lastKnownFileType = sourcecode.swift; path = ReRacks.swift; sourceTree = "<group>"; };
		857D2C7B1EFBEFD90010DCCF /* Utils.swift */ = {isa = PBXFileReference; fileEncoding = 4; lastKnownFileType = sourcecode.swift; path = Utils.swift; sourceTree = "<group>"; };
		85E6D9AD1EFAD627009F2D80 /* PongStat.app */ = {isa = PBXFileReference; explicitFileType = wrapper.application; includeInIndex = 0; path = PongStat.app; sourceTree = BUILT_PRODUCTS_DIR; };
		85E6D9B01EFAD627009F2D80 /* AppDelegate.swift */ = {isa = PBXFileReference; lastKnownFileType = sourcecode.swift; path = AppDelegate.swift; sourceTree = "<group>"; };
		85E6D9B21EFAD627009F2D80 /* ViewController.swift */ = {isa = PBXFileReference; lastKnownFileType = sourcecode.swift; path = ViewController.swift; sourceTree = "<group>"; };
		85E6D9B71EFAD627009F2D80 /* Assets.xcassets */ = {isa = PBXFileReference; lastKnownFileType = folder.assetcatalog; path = Assets.xcassets; sourceTree = "<group>"; };
		85E6D9BA1EFAD627009F2D80 /* Base */ = {isa = PBXFileReference; lastKnownFileType = file.storyboard; name = Base; path = Base.lproj/LaunchScreen.storyboard; sourceTree = "<group>"; };
		85E6D9BC1EFAD627009F2D80 /* Info.plist */ = {isa = PBXFileReference; lastKnownFileType = text.plist.xml; path = Info.plist; sourceTree = "<group>"; };
		85E6D9C11EFAD628009F2D80 /* PongStatTests.xctest */ = {isa = PBXFileReference; explicitFileType = wrapper.cfbundle; includeInIndex = 0; path = PongStatTests.xctest; sourceTree = BUILT_PRODUCTS_DIR; };
		85E6D9C51EFAD628009F2D80 /* PongStatTests.swift */ = {isa = PBXFileReference; lastKnownFileType = sourcecode.swift; path = PongStatTests.swift; sourceTree = "<group>"; };
		85E6D9C71EFAD628009F2D80 /* Info.plist */ = {isa = PBXFileReference; lastKnownFileType = text.plist.xml; path = Info.plist; sourceTree = "<group>"; };
		85E6D9CC1EFAD628009F2D80 /* PongStatUITests.xctest */ = {isa = PBXFileReference; explicitFileType = wrapper.cfbundle; includeInIndex = 0; path = PongStatUITests.xctest; sourceTree = BUILT_PRODUCTS_DIR; };
		85E6D9D01EFAD628009F2D80 /* PongStatUITests.swift */ = {isa = PBXFileReference; lastKnownFileType = sourcecode.swift; path = PongStatUITests.swift; sourceTree = "<group>"; };
		85E6D9D21EFAD628009F2D80 /* Info.plist */ = {isa = PBXFileReference; lastKnownFileType = text.plist.xml; path = Info.plist; sourceTree = "<group>"; };
		85E6D9E21EFAD763009F2D80 /* PongGameVC.swift */ = {isa = PBXFileReference; fileEncoding = 4; lastKnownFileType = sourcecode.swift; path = PongGameVC.swift; sourceTree = "<group>"; };
		85E6D9E41EFAD76D009F2D80 /* PongGame.swift */ = {isa = PBXFileReference; fileEncoding = 4; lastKnownFileType = sourcecode.swift; path = PongGame.swift; sourceTree = "<group>"; };
/* End PBXFileReference section */

/* Begin PBXFrameworksBuildPhase section */
		85E6D9AA1EFAD627009F2D80 /* Frameworks */ = {
			isa = PBXFrameworksBuildPhase;
			buildActionMask = 2147483647;
			files = (
			);
			runOnlyForDeploymentPostprocessing = 0;
		};
		85E6D9BE1EFAD628009F2D80 /* Frameworks */ = {
			isa = PBXFrameworksBuildPhase;
			buildActionMask = 2147483647;
			files = (
			);
			runOnlyForDeploymentPostprocessing = 0;
		};
		85E6D9C91EFAD628009F2D80 /* Frameworks */ = {
			isa = PBXFrameworksBuildPhase;
			buildActionMask = 2147483647;
			files = (
			);
			runOnlyForDeploymentPostprocessing = 0;
		};
/* End PBXFrameworksBuildPhase section */

/* Begin PBXGroup section */
		85AFB5B91EFC5B4F00745FCB /* View Controllers */ = {
			isa = PBXGroup;
			children = (
				85E6D9E21EFAD763009F2D80 /* PongGameVC.swift */,
			);
			name = "View Controllers";
			sourceTree = "<group>";
		};
		85E6D9A41EFAD627009F2D80 = {
			isa = PBXGroup;
			children = (
				85E6D9AF1EFAD627009F2D80 /* PongStat */,
				85E6D9C41EFAD628009F2D80 /* PongStatTests */,
				85E6D9CF1EFAD628009F2D80 /* PongStatUITests */,
				85E6D9AE1EFAD627009F2D80 /* Products */,
			);
			sourceTree = "<group>";
		};
		85E6D9AE1EFAD627009F2D80 /* Products */ = {
			isa = PBXGroup;
			children = (
				85E6D9AD1EFAD627009F2D80 /* PongStat.app */,
				85E6D9C11EFAD628009F2D80 /* PongStatTests.xctest */,
				85E6D9CC1EFAD628009F2D80 /* PongStatUITests.xctest */,
			);
			name = Products;
			sourceTree = "<group>";
		};
		85E6D9AF1EFAD627009F2D80 /* PongStat */ = {
			isa = PBXGroup;
			children = (
				85E6D9B01EFAD627009F2D80 /* AppDelegate.swift */,
				85AFB5B91EFC5B4F00745FCB /* View Controllers */,
				857D2C731EFB03B30010DCCF /* Main.storyboard */,
				85E6D9DE1EFAD677009F2D80 /* Utilities */,
				85E6D9B71EFAD627009F2D80 /* Assets.xcassets */,
				85E6D9B21EFAD627009F2D80 /* ViewController.swift */,
				85E6D9B91EFAD627009F2D80 /* LaunchScreen.storyboard */,
				85E6D9BC1EFAD627009F2D80 /* Info.plist */,
			);
			path = PongStat;
			sourceTree = "<group>";
		};
		85E6D9C41EFAD628009F2D80 /* PongStatTests */ = {
			isa = PBXGroup;
			children = (
				85E6D9C51EFAD628009F2D80 /* PongStatTests.swift */,
				85E6D9C71EFAD628009F2D80 /* Info.plist */,
			);
			path = PongStatTests;
			sourceTree = "<group>";
		};
		85E6D9CF1EFAD628009F2D80 /* PongStatUITests */ = {
			isa = PBXGroup;
			children = (
				85E6D9D01EFAD628009F2D80 /* PongStatUITests.swift */,
				85E6D9D21EFAD628009F2D80 /* Info.plist */,
			);
			path = PongStatUITests;
			sourceTree = "<group>";
		};
		85E6D9DE1EFAD677009F2D80 /* Utilities */ = {
			isa = PBXGroup;
			children = (
				85E6D9E41EFAD76D009F2D80 /* PongGame.swift */,
				85100E661EFAD7DC0057F182 /* Cup.swift */,
				85100E641EFAD7D60057F182 /* Cup.xib */,
				857D2C761EFB09EB0010DCCF /* ReRacks.swift */,
				857D2C7B1EFBEFD90010DCCF /* Utils.swift */,
			);
			name = Utilities;
			sourceTree = "<group>";
		};
/* End PBXGroup section */

/* Begin PBXNativeTarget section */
		85E6D9AC1EFAD627009F2D80 /* PongStat */ = {
			isa = PBXNativeTarget;
			buildConfigurationList = 85E6D9D51EFAD628009F2D80 /* Build configuration list for PBXNativeTarget "PongStat" */;
			buildPhases = (
				85E6D9A91EFAD627009F2D80 /* Sources */,
				85E6D9AA1EFAD627009F2D80 /* Frameworks */,
				85E6D9AB1EFAD627009F2D80 /* Resources */,
			);
			buildRules = (
			);
			dependencies = (
			);
			name = PongStat;
			productName = PongStat;
			productReference = 85E6D9AD1EFAD627009F2D80 /* PongStat.app */;
			productType = "com.apple.product-type.application";
		};
		85E6D9C01EFAD628009F2D80 /* PongStatTests */ = {
			isa = PBXNativeTarget;
			buildConfigurationList = 85E6D9D81EFAD628009F2D80 /* Build configuration list for PBXNativeTarget "PongStatTests" */;
			buildPhases = (
				85E6D9BD1EFAD628009F2D80 /* Sources */,
				85E6D9BE1EFAD628009F2D80 /* Frameworks */,
				85E6D9BF1EFAD628009F2D80 /* Resources */,
			);
			buildRules = (
			);
			dependencies = (
				85E6D9C31EFAD628009F2D80 /* PBXTargetDependency */,
			);
			name = PongStatTests;
			productName = PongStatTests;
			productReference = 85E6D9C11EFAD628009F2D80 /* PongStatTests.xctest */;
			productType = "com.apple.product-type.bundle.unit-test";
		};
		85E6D9CB1EFAD628009F2D80 /* PongStatUITests */ = {
			isa = PBXNativeTarget;
			buildConfigurationList = 85E6D9DB1EFAD628009F2D80 /* Build configuration list for PBXNativeTarget "PongStatUITests" */;
			buildPhases = (
				85E6D9C81EFAD628009F2D80 /* Sources */,
				85E6D9C91EFAD628009F2D80 /* Frameworks */,
				85E6D9CA1EFAD628009F2D80 /* Resources */,
			);
			buildRules = (
			);
			dependencies = (
				85E6D9CE1EFAD628009F2D80 /* PBXTargetDependency */,
			);
			name = PongStatUITests;
			productName = PongStatUITests;
			productReference = 85E6D9CC1EFAD628009F2D80 /* PongStatUITests.xctest */;
			productType = "com.apple.product-type.bundle.ui-testing";
		};
/* End PBXNativeTarget section */

/* Begin PBXProject section */
		85E6D9A51EFAD627009F2D80 /* Project object */ = {
			isa = PBXProject;
			attributes = {
				LastSwiftUpdateCheck = 0820;
				LastUpgradeCheck = 0820;
				ORGANIZATIONNAME = "Cowboy Lynk";
				TargetAttributes = {
					85E6D9AC1EFAD627009F2D80 = {
						CreatedOnToolsVersion = 8.2.1;
						DevelopmentTeam = 78T5GXP6Q3;
						ProvisioningStyle = Automatic;
					};
					85E6D9C01EFAD628009F2D80 = {
						CreatedOnToolsVersion = 8.2.1;
						DevelopmentTeam = 78T5GXP6Q3;
						ProvisioningStyle = Automatic;
						TestTargetID = 85E6D9AC1EFAD627009F2D80;
					};
					85E6D9CB1EFAD628009F2D80 = {
						CreatedOnToolsVersion = 8.2.1;
						DevelopmentTeam = 78T5GXP6Q3;
						ProvisioningStyle = Automatic;
						TestTargetID = 85E6D9AC1EFAD627009F2D80;
					};
				};
			};
			buildConfigurationList = 85E6D9A81EFAD627009F2D80 /* Build configuration list for PBXProject "PongStat" */;
			compatibilityVersion = "Xcode 3.2";
			developmentRegion = English;
			hasScannedForEncodings = 0;
			knownRegions = (
				en,
				Base,
			);
			mainGroup = 85E6D9A41EFAD627009F2D80;
			productRefGroup = 85E6D9AE1EFAD627009F2D80 /* Products */;
			projectDirPath = "";
			projectRoot = "";
			targets = (
				85E6D9AC1EFAD627009F2D80 /* PongStat */,
				85E6D9C01EFAD628009F2D80 /* PongStatTests */,
				85E6D9CB1EFAD628009F2D80 /* PongStatUITests */,
			);
		};
/* End PBXProject section */

/* Begin PBXResourcesBuildPhase section */
		85E6D9AB1EFAD627009F2D80 /* Resources */ = {
			isa = PBXResourcesBuildPhase;
			buildActionMask = 2147483647;
			files = (
				85100E651EFAD7D60057F182 /* Cup.xib in Resources */,
				85E6D9BB1EFAD627009F2D80 /* LaunchScreen.storyboard in Resources */,
				85E6D9B81EFAD627009F2D80 /* Assets.xcassets in Resources */,
				857D2C751EFB03B30010DCCF /* Main.storyboard in Resources */,
			);
			runOnlyForDeploymentPostprocessing = 0;
		};
		85E6D9BF1EFAD628009F2D80 /* Resources */ = {
			isa = PBXResourcesBuildPhase;
			buildActionMask = 2147483647;
			files = (
			);
			runOnlyForDeploymentPostprocessing = 0;
		};
		85E6D9CA1EFAD628009F2D80 /* Resources */ = {
			isa = PBXResourcesBuildPhase;
			buildActionMask = 2147483647;
			files = (
			);
			runOnlyForDeploymentPostprocessing = 0;
		};
/* End PBXResourcesBuildPhase section */

/* Begin PBXSourcesBuildPhase section */
		85E6D9A91EFAD627009F2D80 /* Sources */ = {
			isa = PBXSourcesBuildPhase;
			buildActionMask = 2147483647;
			files = (
				85E6D9B31EFAD627009F2D80 /* ViewController.swift in Sources */,
				857D2C771EFB09EB0010DCCF /* ReRacks.swift in Sources */,
				85E6D9E31EFAD763009F2D80 /* PongGameVC.swift in Sources */,
				85E6D9E51EFAD76D009F2D80 /* PongGame.swift in Sources */,
				85100E671EFAD7DC0057F182 /* Cup.swift in Sources */,
				85E6D9B11EFAD627009F2D80 /* AppDelegate.swift in Sources */,
				857D2C7C1EFBEFD90010DCCF /* Utils.swift in Sources */,
			);
			runOnlyForDeploymentPostprocessing = 0;
		};
		85E6D9BD1EFAD628009F2D80 /* Sources */ = {
			isa = PBXSourcesBuildPhase;
			buildActionMask = 2147483647;
			files = (
				85E6D9C61EFAD628009F2D80 /* PongStatTests.swift in Sources */,
			);
			runOnlyForDeploymentPostprocessing = 0;
		};
		85E6D9C81EFAD628009F2D80 /* Sources */ = {
			isa = PBXSourcesBuildPhase;
			buildActionMask = 2147483647;
			files = (
				85E6D9D11EFAD628009F2D80 /* PongStatUITests.swift in Sources */,
			);
			runOnlyForDeploymentPostprocessing = 0;
		};
/* End PBXSourcesBuildPhase section */

/* Begin PBXTargetDependency section */
		85E6D9C31EFAD628009F2D80 /* PBXTargetDependency */ = {
			isa = PBXTargetDependency;
			target = 85E6D9AC1EFAD627009F2D80 /* PongStat */;
			targetProxy = 85E6D9C21EFAD628009F2D80 /* PBXContainerItemProxy */;
		};
		85E6D9CE1EFAD628009F2D80 /* PBXTargetDependency */ = {
			isa = PBXTargetDependency;
			target = 85E6D9AC1EFAD627009F2D80 /* PongStat */;
			targetProxy = 85E6D9CD1EFAD628009F2D80 /* PBXContainerItemProxy */;
		};
/* End PBXTargetDependency section */

/* Begin PBXVariantGroup section */
		857D2C731EFB03B30010DCCF /* Main.storyboard */ = {
			isa = PBXVariantGroup;
			children = (
				857D2C741EFB03B30010DCCF /* Base */,
			);
			name = Main.storyboard;
			sourceTree = "<group>";
		};
		85E6D9B91EFAD627009F2D80 /* LaunchScreen.storyboard */ = {
			isa = PBXVariantGroup;
			children = (
				85E6D9BA1EFAD627009F2D80 /* Base */,
			);
			name = LaunchScreen.storyboard;
			sourceTree = "<group>";
		};
/* End PBXVariantGroup section */

/* Begin XCBuildConfiguration section */
		85E6D9D31EFAD628009F2D80 /* Debug */ = {
			isa = XCBuildConfiguration;
			buildSettings = {
				ALWAYS_SEARCH_USER_PATHS = NO;
				CLANG_ANALYZER_NONNULL = YES;
				CLANG_CXX_LANGUAGE_STANDARD = "gnu++0x";
				CLANG_CXX_LIBRARY = "libc++";
				CLANG_ENABLE_MODULES = YES;
				CLANG_ENABLE_OBJC_ARC = YES;
				CLANG_WARN_BOOL_CONVERSION = YES;
				CLANG_WARN_CONSTANT_CONVERSION = YES;
				CLANG_WARN_DIRECT_OBJC_ISA_USAGE = YES_ERROR;
				CLANG_WARN_DOCUMENTATION_COMMENTS = YES;
				CLANG_WARN_EMPTY_BODY = YES;
				CLANG_WARN_ENUM_CONVERSION = YES;
				CLANG_WARN_INFINITE_RECURSION = YES;
				CLANG_WARN_INT_CONVERSION = YES;
				CLANG_WARN_OBJC_ROOT_CLASS = YES_ERROR;
				CLANG_WARN_SUSPICIOUS_MOVE = YES;
				CLANG_WARN_UNREACHABLE_CODE = YES;
				CLANG_WARN__DUPLICATE_METHOD_MATCH = YES;
				"CODE_SIGN_IDENTITY[sdk=iphoneos*]" = "iPhone Developer";
				COPY_PHASE_STRIP = NO;
				DEBUG_INFORMATION_FORMAT = dwarf;
				ENABLE_STRICT_OBJC_MSGSEND = YES;
				ENABLE_TESTABILITY = YES;
				GCC_C_LANGUAGE_STANDARD = gnu99;
				GCC_DYNAMIC_NO_PIC = NO;
				GCC_NO_COMMON_BLOCKS = YES;
				GCC_OPTIMIZATION_LEVEL = 0;
				GCC_PREPROCESSOR_DEFINITIONS = (
					"DEBUG=1",
					"$(inherited)",
				);
				GCC_WARN_64_TO_32_BIT_CONVERSION = YES;
				GCC_WARN_ABOUT_RETURN_TYPE = YES_ERROR;
				GCC_WARN_UNDECLARED_SELECTOR = YES;
				GCC_WARN_UNINITIALIZED_AUTOS = YES_AGGRESSIVE;
				GCC_WARN_UNUSED_FUNCTION = YES;
				GCC_WARN_UNUSED_VARIABLE = YES;
				IPHONEOS_DEPLOYMENT_TARGET = 10.2;
				MTL_ENABLE_DEBUG_INFO = YES;
				ONLY_ACTIVE_ARCH = YES;
				SDKROOT = iphoneos;
				SWIFT_ACTIVE_COMPILATION_CONDITIONS = DEBUG;
				SWIFT_OPTIMIZATION_LEVEL = "-Onone";
				TARGETED_DEVICE_FAMILY = "1,2";
			};
			name = Debug;
		};
		85E6D9D41EFAD628009F2D80 /* Release */ = {
			isa = XCBuildConfiguration;
			buildSettings = {
				ALWAYS_SEARCH_USER_PATHS = NO;
				CLANG_ANALYZER_NONNULL = YES;
				CLANG_CXX_LANGUAGE_STANDARD = "gnu++0x";
				CLANG_CXX_LIBRARY = "libc++";
				CLANG_ENABLE_MODULES = YES;
				CLANG_ENABLE_OBJC_ARC = YES;
				CLANG_WARN_BOOL_CONVERSION = YES;
				CLANG_WARN_CONSTANT_CONVERSION = YES;
				CLANG_WARN_DIRECT_OBJC_ISA_USAGE = YES_ERROR;
				CLANG_WARN_DOCUMENTATION_COMMENTS = YES;
				CLANG_WARN_EMPTY_BODY = YES;
				CLANG_WARN_ENUM_CONVERSION = YES;
				CLANG_WARN_INFINITE_RECURSION = YES;
				CLANG_WARN_INT_CONVERSION = YES;
				CLANG_WARN_OBJC_ROOT_CLASS = YES_ERROR;
				CLANG_WARN_SUSPICIOUS_MOVE = YES;
				CLANG_WARN_UNREACHABLE_CODE = YES;
				CLANG_WARN__DUPLICATE_METHOD_MATCH = YES;
				"CODE_SIGN_IDENTITY[sdk=iphoneos*]" = "iPhone Developer";
				COPY_PHASE_STRIP = NO;
				DEBUG_INFORMATION_FORMAT = "dwarf-with-dsym";
				ENABLE_NS_ASSERTIONS = NO;
				ENABLE_STRICT_OBJC_MSGSEND = YES;
				GCC_C_LANGUAGE_STANDARD = gnu99;
				GCC_NO_COMMON_BLOCKS = YES;
				GCC_WARN_64_TO_32_BIT_CONVERSION = YES;
				GCC_WARN_ABOUT_RETURN_TYPE = YES_ERROR;
				GCC_WARN_UNDECLARED_SELECTOR = YES;
				GCC_WARN_UNINITIALIZED_AUTOS = YES_AGGRESSIVE;
				GCC_WARN_UNUSED_FUNCTION = YES;
				GCC_WARN_UNUSED_VARIABLE = YES;
				IPHONEOS_DEPLOYMENT_TARGET = 10.2;
				MTL_ENABLE_DEBUG_INFO = NO;
				SDKROOT = iphoneos;
				SWIFT_OPTIMIZATION_LEVEL = "-Owholemodule";
				TARGETED_DEVICE_FAMILY = "1,2";
				VALIDATE_PRODUCT = YES;
			};
			name = Release;
		};
		85E6D9D61EFAD628009F2D80 /* Debug */ = {
			isa = XCBuildConfiguration;
			buildSettings = {
				ASSETCATALOG_COMPILER_APPICON_NAME = AppIcon;
				DEVELOPMENT_TEAM = 78T5GXP6Q3;
				INFOPLIST_FILE = PongStat/Info.plist;
				LD_RUNPATH_SEARCH_PATHS = "$(inherited) @executable_path/Frameworks";
				PRODUCT_BUNDLE_IDENTIFIER = LampshadeSoftware.PongStat;
				PRODUCT_NAME = "$(TARGET_NAME)";
				SWIFT_VERSION = 3.0;
				TARGETED_DEVICE_FAMILY = 1;
			};
			name = Debug;
		};
		85E6D9D71EFAD628009F2D80 /* Release */ = {
			isa = XCBuildConfiguration;
			buildSettings = {
				ASSETCATALOG_COMPILER_APPICON_NAME = AppIcon;
				DEVELOPMENT_TEAM = 78T5GXP6Q3;
				INFOPLIST_FILE = PongStat/Info.plist;
				LD_RUNPATH_SEARCH_PATHS = "$(inherited) @executable_path/Frameworks";
				PRODUCT_BUNDLE_IDENTIFIER = LampshadeSoftware.PongStat;
				PRODUCT_NAME = "$(TARGET_NAME)";
				SWIFT_VERSION = 3.0;
				TARGETED_DEVICE_FAMILY = 1;
			};
			name = Release;
		};
		85E6D9D91EFAD628009F2D80 /* Debug */ = {
			isa = XCBuildConfiguration;
			buildSettings = {
				ALWAYS_EMBED_SWIFT_STANDARD_LIBRARIES = YES;
				BUNDLE_LOADER = "$(TEST_HOST)";
				DEVELOPMENT_TEAM = 78T5GXP6Q3;
				INFOPLIST_FILE = PongStatTests/Info.plist;
				LD_RUNPATH_SEARCH_PATHS = "$(inherited) @executable_path/Frameworks @loader_path/Frameworks";
				PRODUCT_BUNDLE_IDENTIFIER = LampshadeSoftware.PongStatTests;
				PRODUCT_NAME = "$(TARGET_NAME)";
				SWIFT_VERSION = 3.0;
				TEST_HOST = "$(BUILT_PRODUCTS_DIR)/PongStat.app/PongStat";
			};
			name = Debug;
		};
		85E6D9DA1EFAD628009F2D80 /* Release */ = {
			isa = XCBuildConfiguration;
			buildSettings = {
				ALWAYS_EMBED_SWIFT_STANDARD_LIBRARIES = YES;
				BUNDLE_LOADER = "$(TEST_HOST)";
				DEVELOPMENT_TEAM = 78T5GXP6Q3;
				INFOPLIST_FILE = PongStatTests/Info.plist;
				LD_RUNPATH_SEARCH_PATHS = "$(inherited) @executable_path/Frameworks @loader_path/Frameworks";
				PRODUCT_BUNDLE_IDENTIFIER = LampshadeSoftware.PongStatTests;
				PRODUCT_NAME = "$(TARGET_NAME)";
				SWIFT_VERSION = 3.0;
				TEST_HOST = "$(BUILT_PRODUCTS_DIR)/PongStat.app/PongStat";
			};
			name = Release;
		};
		85E6D9DC1EFAD628009F2D80 /* Debug */ = {
			isa = XCBuildConfiguration;
			buildSettings = {
				ALWAYS_EMBED_SWIFT_STANDARD_LIBRARIES = YES;
				DEVELOPMENT_TEAM = 78T5GXP6Q3;
				INFOPLIST_FILE = PongStatUITests/Info.plist;
				LD_RUNPATH_SEARCH_PATHS = "$(inherited) @executable_path/Frameworks @loader_path/Frameworks";
				PRODUCT_BUNDLE_IDENTIFIER = LampshadeSoftware.PongStatUITests;
				PRODUCT_NAME = "$(TARGET_NAME)";
				SWIFT_VERSION = 3.0;
				TEST_TARGET_NAME = PongStat;
			};
			name = Debug;
		};
		85E6D9DD1EFAD628009F2D80 /* Release */ = {
			isa = XCBuildConfiguration;
			buildSettings = {
				ALWAYS_EMBED_SWIFT_STANDARD_LIBRARIES = YES;
				DEVELOPMENT_TEAM = 78T5GXP6Q3;
				INFOPLIST_FILE = PongStatUITests/Info.plist;
				LD_RUNPATH_SEARCH_PATHS = "$(inherited) @executable_path/Frameworks @loader_path/Frameworks";
				PRODUCT_BUNDLE_IDENTIFIER = LampshadeSoftware.PongStatUITests;
				PRODUCT_NAME = "$(TARGET_NAME)";
				SWIFT_VERSION = 3.0;
				TEST_TARGET_NAME = PongStat;
			};
			name = Release;
		};
/* End XCBuildConfiguration section */

/* Begin XCConfigurationList section */
		85E6D9A81EFAD627009F2D80 /* Build configuration list for PBXProject "PongStat" */ = {
			isa = XCConfigurationList;
			buildConfigurations = (
				85E6D9D31EFAD628009F2D80 /* Debug */,
				85E6D9D41EFAD628009F2D80 /* Release */,
			);
			defaultConfigurationIsVisible = 0;
			defaultConfigurationName = Release;
		};
		85E6D9D51EFAD628009F2D80 /* Build configuration list for PBXNativeTarget "PongStat" */ = {
			isa = XCConfigurationList;
			buildConfigurations = (
				85E6D9D61EFAD628009F2D80 /* Debug */,
				85E6D9D71EFAD628009F2D80 /* Release */,
			);
			defaultConfigurationIsVisible = 0;
			defaultConfigurationName = Release;
		};
		85E6D9D81EFAD628009F2D80 /* Build configuration list for PBXNativeTarget "PongStatTests" */ = {
			isa = XCConfigurationList;
			buildConfigurations = (
				85E6D9D91EFAD628009F2D80 /* Debug */,
				85E6D9DA1EFAD628009F2D80 /* Release */,
			);
			defaultConfigurationIsVisible = 0;
			defaultConfigurationName = Release;
		};
		85E6D9DB1EFAD628009F2D80 /* Build configuration list for PBXNativeTarget "PongStatUITests" */ = {
			isa = XCConfigurationList;
			buildConfigurations = (
				85E6D9DC1EFAD628009F2D80 /* Debug */,
				85E6D9DD1EFAD628009F2D80 /* Release */,
			);
			defaultConfigurationIsVisible = 0;
			defaultConfigurationName = Release;
		};
/* End XCConfigurationList section */
	};
	rootObject = 85E6D9A51EFAD627009F2D80 /* Project object */;
}
